
Microsoft Visual Studio Solution File, Format Version 12.00
# Visual Studio Version 16
VisualStudioVersion = 16.0.32802.440
MinimumVisualStudioVersion = 10.0.40219.1
Project("{FAE04EC0-301F-11D3-BF4B-00C04F79EFBC}") = "MyApp", "MyApp.csproj", "{63F496AB-866A-4562-ACBD-48284FF36641}"
EndProject
Global
	GlobalSection(SolutionConfigurationPlatforms) = preSolution
		Debug|Any CPU = Debug|Any CPU
		Release|Any CPU = Release|Any CPU
	EndGlobalSection
	GlobalSection(ProjectConfigurationPlatforms) = postSolution
		{63F496AB-866A-4562-ACBD-48284FF36641}.Debug|Any CPU.ActiveCfg = Debug|Any CPU
		{63F496AB-866A-4562-ACBD-48284FF36641}.Debug|Any CPU.Build.0 = Debug|Any CPU
		{63F496AB-866A-4562-ACBD-48284FF36641}.Release|Any CPU.ActiveCfg = Release|Any CPU
		{63F496AB-866A-4562-ACBD-48284FF36641}.Release|Any CPU.Build.0 = Release|Any CPU
	EndGlobalSection
	GlobalSection(SolutionProperties) = preSolution
		HideSolutionNode = FALSE
	EndGlobalSection
	GlobalSection(ExtensibilityGlobals) = postSolution
		SolutionGuid = {94049E34-DD50-44E4-A21D-17B77304988D}
	EndGlobalSection
EndGlobal
